// !$*UTF8*$!
{
	archiveVersion = 1;
	classes = {
	};
	objectVersion = 56;
	objects = {

/* Begin PBXBuildFile section */
		513B769229473CFA00BD200D /* AppDelegate.swift in Sources */ = {isa = PBXBuildFile; fileRef = 513B769129473CFA00BD200D /* AppDelegate.swift */; };
		513B769429473CFA00BD200D /* SceneDelegate.swift in Sources */ = {isa = PBXBuildFile; fileRef = 513B769329473CFA00BD200D /* SceneDelegate.swift */; };
		513B769B29473CFC00BD200D /* Assets.xcassets in Resources */ = {isa = PBXBuildFile; fileRef = 513B769A29473CFC00BD200D /* Assets.xcassets */; };
		513B769E29473CFC00BD200D /* LaunchScreen.storyboard in Resources */ = {isa = PBXBuildFile; fileRef = 513B769C29473CFC00BD200D /* LaunchScreen.storyboard */; };
		513B76A729473D2F00BD200D /* SwiftyGif in Frameworks */ = {isa = PBXBuildFile; productRef = 513B76A629473D2F00BD200D /* SwiftyGif */; };
		513B76AA29473D4900BD200D /* Alamofire in Frameworks */ = {isa = PBXBuildFile; productRef = 513B76A929473D4900BD200D /* Alamofire */; };
		513B76B22948973400BD200D /* TabBarController.swift in Sources */ = {isa = PBXBuildFile; fileRef = 513B76B12948973400BD200D /* TabBarController.swift */; };
		513B76B62948C09F00BD200D /* CoinModel.swift in Sources */ = {isa = PBXBuildFile; fileRef = 513B76B52948C09F00BD200D /* CoinModel.swift */; };
		513B76BC2948C1A600BD200D /* Box.swift in Sources */ = {isa = PBXBuildFile; fileRef = 513B76BB2948C1A600BD200D /* Box.swift */; };
		513B76BE2948C1FD00BD200D /* GetLinks.swift in Sources */ = {isa = PBXBuildFile; fileRef = 513B76BD2948C1FD00BD200D /* GetLinks.swift */; };
/* End PBXBuildFile section */

/* Begin PBXFileReference section */
		513B768E29473CFA00BD200D /* AlphaAltcoins.app */ = {isa = PBXFileReference; explicitFileType = wrapper.application; includeInIndex = 0; path = AlphaAltcoins.app; sourceTree = BUILT_PRODUCTS_DIR; };
		513B769129473CFA00BD200D /* AppDelegate.swift */ = {isa = PBXFileReference; lastKnownFileType = sourcecode.swift; path = AppDelegate.swift; sourceTree = "<group>"; };
		513B769329473CFA00BD200D /* SceneDelegate.swift */ = {isa = PBXFileReference; lastKnownFileType = sourcecode.swift; path = SceneDelegate.swift; sourceTree = "<group>"; };
		513B769A29473CFC00BD200D /* Assets.xcassets */ = {isa = PBXFileReference; lastKnownFileType = folder.assetcatalog; path = Assets.xcassets; sourceTree = "<group>"; };
		513B769D29473CFC00BD200D /* Base */ = {isa = PBXFileReference; lastKnownFileType = file.storyboard; name = Base; path = Base.lproj/LaunchScreen.storyboard; sourceTree = "<group>"; };
		513B769F29473CFC00BD200D /* Info.plist */ = {isa = PBXFileReference; lastKnownFileType = text.plist.xml; path = Info.plist; sourceTree = "<group>"; };
		513B76B12948973400BD200D /* TabBarController.swift */ = {isa = PBXFileReference; lastKnownFileType = sourcecode.swift; path = TabBarController.swift; sourceTree = "<group>"; };
		513B76B52948C09F00BD200D /* CoinModel.swift */ = {isa = PBXFileReference; lastKnownFileType = sourcecode.swift; path = CoinModel.swift; sourceTree = "<group>"; };
		513B76BB2948C1A600BD200D /* Box.swift */ = {isa = PBXFileReference; lastKnownFileType = sourcecode.swift; path = Box.swift; sourceTree = "<group>"; };
		513B76BD2948C1FD00BD200D /* GetLinks.swift */ = {isa = PBXFileReference; lastKnownFileType = sourcecode.swift; path = GetLinks.swift; sourceTree = "<group>"; };
/* End PBXFileReference section */

/* Begin PBXFrameworksBuildPhase section */
		513B768B29473CFA00BD200D /* Frameworks */ = {
			isa = PBXFrameworksBuildPhase;
			buildActionMask = 2147483647;
			files = (
				513B76A729473D2F00BD200D /* SwiftyGif in Frameworks */,
				513B76AA29473D4900BD200D /* Alamofire in Frameworks */,
			);
			runOnlyForDeploymentPostprocessing = 0;
		};
/* End PBXFrameworksBuildPhase section */

/* Begin PBXGroup section */
		513B768529473CF900BD200D = {
			isa = PBXGroup;
			children = (
				513B769029473CFA00BD200D /* AlphaAltcoins */,
				513B768F29473CFA00BD200D /* Products */,
			);
			sourceTree = "<group>";
		};
		513B768F29473CFA00BD200D /* Products */ = {
			isa = PBXGroup;
			children = (
				513B768E29473CFA00BD200D /* AlphaAltcoins.app */,
			);
			name = Products;
			sourceTree = "<group>";
		};
		513B769029473CFA00BD200D /* AlphaAltcoins */ = {
			isa = PBXGroup;
			children = (
				513B76B0294896CC00BD200D /* Heplers */,
				513B76AC294895A000BD200D /* Services */,
				513B76AB2948958D00BD200D /* Models */,
				513B76B12948973400BD200D /* TabBarController.swift */,
				513B76AF2948968B00BD200D /* Application */,
				513B76AE2948962200BD200D /* SupportingFiles */,
			);
			path = AlphaAltcoins;
			sourceTree = "<group>";
		};
		513B76AB2948958D00BD200D /* Models */ = {
			isa = PBXGroup;
			children = (
				513B76B52948C09F00BD200D /* CoinModel.swift */,
			);
			path = Models;
			sourceTree = "<group>";
		};
		513B76AC294895A000BD200D /* Services */ = {
			isa = PBXGroup;
			children = (
				513B76BD2948C1FD00BD200D /* GetLinks.swift */,
			);
			path = Services;
			sourceTree = "<group>";
		};
		513B76AD294895C500BD200D /* Extension+ */ = {
			isa = PBXGroup;
			children = (
			);
			path = "Extension+";
			sourceTree = "<group>";
		};
		513B76AE2948962200BD200D /* SupportingFiles */ = {
			isa = PBXGroup;
			children = (
				513B769F29473CFC00BD200D /* Info.plist */,
				513B769A29473CFC00BD200D /* Assets.xcassets */,
				513B769C29473CFC00BD200D /* LaunchScreen.storyboard */,
			);
			path = SupportingFiles;
			sourceTree = "<group>";
		};
		513B76AF2948968B00BD200D /* Application */ = {
			isa = PBXGroup;
			children = (
				513B769329473CFA00BD200D /* SceneDelegate.swift */,
				513B769129473CFA00BD200D /* AppDelegate.swift */,
			);
			path = Application;
			sourceTree = "<group>";
		};
		513B76B0294896CC00BD200D /* Heplers */ = {
			isa = PBXGroup;
			children = (
				513B76AD294895C500BD200D /* Extension+ */,
				513B76BB2948C1A600BD200D /* Box.swift */,
			);
			path = Heplers;
			sourceTree = "<group>";
		};
/* End PBXGroup section */

/* Begin PBXNativeTarget section */
		513B768D29473CFA00BD200D /* AlphaAltcoins */ = {
			isa = PBXNativeTarget;
			buildConfigurationList = 513B76A229473CFC00BD200D /* Build configuration list for PBXNativeTarget "AlphaAltcoins" */;
			buildPhases = (
				513B768A29473CFA00BD200D /* Sources */,
				513B768B29473CFA00BD200D /* Frameworks */,
				513B768C29473CFA00BD200D /* Resources */,
			);
			buildRules = (
			);
			dependencies = (
			);
			name = AlphaAltcoins;
			packageProductDependencies = (
				513B76A629473D2F00BD200D /* SwiftyGif */,
				513B76A929473D4900BD200D /* Alamofire */,
			);
			productName = AlphaAltcoins;
			productReference = 513B768E29473CFA00BD200D /* AlphaAltcoins.app */;
			productType = "com.apple.product-type.application";
		};
/* End PBXNativeTarget section */

/* Begin PBXProject section */
		513B768629473CF900BD200D /* Project object */ = {
			isa = PBXProject;
			attributes = {
				BuildIndependentTargetsInParallel = 1;
				LastSwiftUpdateCheck = 1410;
				LastUpgradeCheck = 1410;
				TargetAttributes = {
					513B768D29473CFA00BD200D = {
						CreatedOnToolsVersion = 14.1;
					};
				};
			};
			buildConfigurationList = 513B768929473CF900BD200D /* Build configuration list for PBXProject "AlphaAltcoins" */;
			compatibilityVersion = "Xcode 14.0";
			developmentRegion = en;
			hasScannedForEncodings = 0;
			knownRegions = (
				en,
				Base,
			);
			mainGroup = 513B768529473CF900BD200D;
			packageReferences = (
				513B76A529473D2F00BD200D /* XCRemoteSwiftPackageReference "SwiftyGif" */,
				513B76A829473D4900BD200D /* XCRemoteSwiftPackageReference "Alamofire" */,
			);
			productRefGroup = 513B768F29473CFA00BD200D /* Products */;
			projectDirPath = "";
			projectRoot = "";
			targets = (
				513B768D29473CFA00BD200D /* AlphaAltcoins */,
			);
		};
/* End PBXProject section */

/* Begin PBXResourcesBuildPhase section */
		513B768C29473CFA00BD200D /* Resources */ = {
			isa = PBXResourcesBuildPhase;
			buildActionMask = 2147483647;
			files = (
				513B769E29473CFC00BD200D /* LaunchScreen.storyboard in Resources */,
				513B769B29473CFC00BD200D /* Assets.xcassets in Resources */,
			);
			runOnlyForDeploymentPostprocessing = 0;
		};
/* End PBXResourcesBuildPhase section */

/* Begin PBXSourcesBuildPhase section */
		513B768A29473CFA00BD200D /* Sources */ = {
			isa = PBXSourcesBuildPhase;
			buildActionMask = 2147483647;
			files = (
				513B76B62948C09F00BD200D /* CoinModel.swift in Sources */,
				513B76B22948973400BD200D /* TabBarController.swift in Sources */,
				513B769229473CFA00BD200D /* AppDelegate.swift in Sources */,
				513B769429473CFA00BD200D /* SceneDelegate.swift in Sources */,
				513B76BE2948C1FD00BD200D /* GetLinks.swift in Sources */,
				513B76BC2948C1A600BD200D /* Box.swift in Sources */,
			);
			runOnlyForDeploymentPostprocessing = 0;
		};
/* End PBXSourcesBuildPhase section */

/* Begin PBXVariantGroup section */
		513B769C29473CFC00BD200D /* LaunchScreen.storyboard */ = {
			isa = PBXVariantGroup;
			children = (
				513B769D29473CFC00BD200D /* Base */,
			);
			name = LaunchScreen.storyboard;
			sourceTree = "<group>";
		};
/* End PBXVariantGroup section */

/* Begin XCBuildConfiguration section */
		513B76A029473CFC00BD200D /* Debug */ = {
			isa = XCBuildConfiguration;
			buildSettings = {
				ALWAYS_SEARCH_USER_PATHS = NO;
				CLANG_ANALYZER_NONNULL = YES;
				CLANG_ANALYZER_NUMBER_OBJECT_CONVERSION = YES_AGGRESSIVE;
				CLANG_CXX_LANGUAGE_STANDARD = "gnu++20";
				CLANG_ENABLE_MODULES = YES;
				CLANG_ENABLE_OBJC_ARC = YES;
				CLANG_ENABLE_OBJC_WEAK = YES;
				CLANG_WARN_BLOCK_CAPTURE_AUTORELEASING = YES;
				CLANG_WARN_BOOL_CONVERSION = YES;
				CLANG_WARN_COMMA = YES;
				CLANG_WARN_CONSTANT_CONVERSION = YES;
				CLANG_WARN_DEPRECATED_OBJC_IMPLEMENTATIONS = YES;
				CLANG_WARN_DIRECT_OBJC_ISA_USAGE = YES_ERROR;
				CLANG_WARN_DOCUMENTATION_COMMENTS = YES;
				CLANG_WARN_EMPTY_BODY = YES;
				CLANG_WARN_ENUM_CONVERSION = YES;
				CLANG_WARN_INFINITE_RECURSION = YES;
				CLANG_WARN_INT_CONVERSION = YES;
				CLANG_WARN_NON_LITERAL_NULL_CONVERSION = YES;
				CLANG_WARN_OBJC_IMPLICIT_RETAIN_SELF = YES;
				CLANG_WARN_OBJC_LITERAL_CONVERSION = YES;
				CLANG_WARN_OBJC_ROOT_CLASS = YES_ERROR;
				CLANG_WARN_QUOTED_INCLUDE_IN_FRAMEWORK_HEADER = YES;
				CLANG_WARN_RANGE_LOOP_ANALYSIS = YES;
				CLANG_WARN_STRICT_PROTOTYPES = YES;
				CLANG_WARN_SUSPICIOUS_MOVE = YES;
				CLANG_WARN_UNGUARDED_AVAILABILITY = YES_AGGRESSIVE;
				CLANG_WARN_UNREACHABLE_CODE = YES;
				CLANG_WARN__DUPLICATE_METHOD_MATCH = YES;
				COPY_PHASE_STRIP = NO;
				DEBUG_INFORMATION_FORMAT = dwarf;
				ENABLE_STRICT_OBJC_MSGSEND = YES;
				ENABLE_TESTABILITY = YES;
				GCC_C_LANGUAGE_STANDARD = gnu11;
				GCC_DYNAMIC_NO_PIC = NO;
				GCC_NO_COMMON_BLOCKS = YES;
				GCC_OPTIMIZATION_LEVEL = 0;
				GCC_PREPROCESSOR_DEFINITIONS = (
					"DEBUG=1",
					"$(inherited)",
				);
				GCC_WARN_64_TO_32_BIT_CONVERSION = YES;
				GCC_WARN_ABOUT_RETURN_TYPE = YES_ERROR;
				GCC_WARN_UNDECLARED_SELECTOR = YES;
				GCC_WARN_UNINITIALIZED_AUTOS = YES_AGGRESSIVE;
				GCC_WARN_UNUSED_FUNCTION = YES;
				GCC_WARN_UNUSED_VARIABLE = YES;
				IPHONEOS_DEPLOYMENT_TARGET = 16.1;
				MTL_ENABLE_DEBUG_INFO = INCLUDE_SOURCE;
				MTL_FAST_MATH = YES;
				ONLY_ACTIVE_ARCH = YES;
				SDKROOT = iphoneos;
				SWIFT_ACTIVE_COMPILATION_CONDITIONS = DEBUG;
				SWIFT_OPTIMIZATION_LEVEL = "-Onone";
			};
			name = Debug;
		};
		513B76A129473CFC00BD200D /* Release */ = {
			isa = XCBuildConfiguration;
			buildSettings = {
				ALWAYS_SEARCH_USER_PATHS = NO;
				CLANG_ANALYZER_NONNULL = YES;
				CLANG_ANALYZER_NUMBER_OBJECT_CONVERSION = YES_AGGRESSIVE;
				CLANG_CXX_LANGUAGE_STANDARD = "gnu++20";
				CLANG_ENABLE_MODULES = YES;
				CLANG_ENABLE_OBJC_ARC = YES;
				CLANG_ENABLE_OBJC_WEAK = YES;
				CLANG_WARN_BLOCK_CAPTURE_AUTORELEASING = YES;
				CLANG_WARN_BOOL_CONVERSION = YES;
				CLANG_WARN_COMMA = YES;
				CLANG_WARN_CONSTANT_CONVERSION = YES;
				CLANG_WARN_DEPRECATED_OBJC_IMPLEMENTATIONS = YES;
				CLANG_WARN_DIRECT_OBJC_ISA_USAGE = YES_ERROR;
				CLANG_WARN_DOCUMENTATION_COMMENTS = YES;
				CLANG_WARN_EMPTY_BODY = YES;
				CLANG_WARN_ENUM_CONVERSION = YES;
				CLANG_WARN_INFINITE_RECURSION = YES;
				CLANG_WARN_INT_CONVERSION = YES;
				CLANG_WARN_NON_LITERAL_NULL_CONVERSION = YES;
				CLANG_WARN_OBJC_IMPLICIT_RETAIN_SELF = YES;
				CLANG_WARN_OBJC_LITERAL_CONVERSION = YES;
				CLANG_WARN_OBJC_ROOT_CLASS = YES_ERROR;
				CLANG_WARN_QUOTED_INCLUDE_IN_FRAMEWORK_HEADER = YES;
				CLANG_WARN_RANGE_LOOP_ANALYSIS = YES;
				CLANG_WARN_STRICT_PROTOTYPES = YES;
				CLANG_WARN_SUSPICIOUS_MOVE = YES;
				CLANG_WARN_UNGUARDED_AVAILABILITY = YES_AGGRESSIVE;
				CLANG_WARN_UNREACHABLE_CODE = YES;
				CLANG_WARN__DUPLICATE_METHOD_MATCH = YES;
				COPY_PHASE_STRIP = NO;
				DEBUG_INFORMATION_FORMAT = "dwarf-with-dsym";
				ENABLE_NS_ASSERTIONS = NO;
				ENABLE_STRICT_OBJC_MSGSEND = YES;
				GCC_C_LANGUAGE_STANDARD = gnu11;
				GCC_NO_COMMON_BLOCKS = YES;
				GCC_WARN_64_TO_32_BIT_CONVERSION = YES;
				GCC_WARN_ABOUT_RETURN_TYPE = YES_ERROR;
				GCC_WARN_UNDECLARED_SELECTOR = YES;
				GCC_WARN_UNINITIALIZED_AUTOS = YES_AGGRESSIVE;
				GCC_WARN_UNUSED_FUNCTION = YES;
				GCC_WARN_UNUSED_VARIABLE = YES;
				IPHONEOS_DEPLOYMENT_TARGET = 16.1;
				MTL_ENABLE_DEBUG_INFO = NO;
				MTL_FAST_MATH = YES;
				SDKROOT = iphoneos;
				SWIFT_COMPILATION_MODE = wholemodule;
				SWIFT_OPTIMIZATION_LEVEL = "-O";
				VALIDATE_PRODUCT = YES;
			};
			name = Release;
		};
		513B76A329473CFC00BD200D /* Debug */ = {
			isa = XCBuildConfiguration;
			buildSettings = {
				ASSETCATALOG_COMPILER_APPICON_NAME = AppIcon;
				ASSETCATALOG_COMPILER_GLOBAL_ACCENT_COLOR_NAME = AccentColor;
				CODE_SIGN_STYLE = Automatic;
				CURRENT_PROJECT_VERSION = 1;
				DEVELOPMENT_TEAM = LBKPR9U7Q9;
				GENERATE_INFOPLIST_FILE = YES;
				INFOPLIST_FILE = AlphaAltcoins/SupportingFiles/Info.plist;
				INFOPLIST_KEY_UIApplicationSupportsIndirectInputEvents = YES;
				INFOPLIST_KEY_UILaunchStoryboardName = LaunchScreen;
				INFOPLIST_KEY_UISupportedInterfaceOrientations = UIInterfaceOrientationPortrait;
				INFOPLIST_KEY_UISupportedInterfaceOrientations_iPad = "UIInterfaceOrientationLandscapeLeft UIInterfaceOrientationLandscapeRight UIInterfaceOrientationPortrait UIInterfaceOrientationPortraitUpsideDown";
				LD_RUNPATH_SEARCH_PATHS = (
					"$(inherited)",
					"@executable_path/Frameworks",
				);
				MARKETING_VERSION = 1.0;
				PRODUCT_BUNDLE_IDENTIFIER = com.tirexgroup.AlphaAltcoins;
				PRODUCT_NAME = "$(TARGET_NAME)";
				SUPPORTED_PLATFORMS = "iphoneos iphonesimulator";
				SUPPORTS_MACCATALYST = NO;
				SUPPORTS_MAC_DESIGNED_FOR_IPHONE_IPAD = NO;
				SWIFT_EMIT_LOC_STRINGS = YES;
				SWIFT_VERSION = 5.0;
				TARGETED_DEVICE_FAMILY = 1;
			};
			name = Debug;
		};
		513B76A429473CFC00BD200D /* Release */ = {
			isa = XCBuildConfiguration;
			buildSettings = {
				ASSETCATALOG_COMPILER_APPICON_NAME = AppIcon;
				ASSETCATALOG_COMPILER_GLOBAL_ACCENT_COLOR_NAME = AccentColor;
				CODE_SIGN_STYLE = Automatic;
				CURRENT_PROJECT_VERSION = 1;
				DEVELOPMENT_TEAM = LBKPR9U7Q9;
				GENERATE_INFOPLIST_FILE = YES;
				INFOPLIST_FILE = AlphaAltcoins/SupportingFiles/Info.plist;
				INFOPLIST_KEY_UIApplicationSupportsIndirectInputEvents = YES;
				INFOPLIST_KEY_UILaunchStoryboardName = LaunchScreen;
				INFOPLIST_KEY_UISupportedInterfaceOrientations = UIInterfaceOrientationPortrait;
				INFOPLIST_KEY_UISupportedInterfaceOrientations_iPad = "UIInterfaceOrientationLandscapeLeft UIInterfaceOrientationLandscapeRight UIInterfaceOrientationPortrait UIInterfaceOrientationPortraitUpsideDown";
				LD_RUNPATH_SEARCH_PATHS = (
					"$(inherited)",
					"@executable_path/Frameworks",
				);
				MARKETING_VERSION = 1.0;
				PRODUCT_BUNDLE_IDENTIFIER = com.tirexgroup.AlphaAltcoins;
				PRODUCT_NAME = "$(TARGET_NAME)";
				SUPPORTED_PLATFORMS = "iphoneos iphonesimulator";
				SUPPORTS_MACCATALYST = NO;
				SUPPORTS_MAC_DESIGNED_FOR_IPHONE_IPAD = NO;
				SWIFT_EMIT_LOC_STRINGS = YES;
				SWIFT_VERSION = 5.0;
				TARGETED_DEVICE_FAMILY = 1;
			};
			name = Release;
		};
/* End XCBuildConfiguration section */

/* Begin XCConfigurationList section */
		513B768929473CF900BD200D /* Build configuration list for PBXProject "AlphaAltcoins" */ = {
			isa = XCConfigurationList;
			buildConfigurations = (
				513B76A029473CFC00BD200D /* Debug */,
				513B76A129473CFC00BD200D /* Release */,
			);
			defaultConfigurationIsVisible = 0;
			defaultConfigurationName = Release;
		};
		513B76A229473CFC00BD200D /* Build configuration list for PBXNativeTarget "AlphaAltcoins" */ = {
			isa = XCConfigurationList;
			buildConfigurations = (
				513B76A329473CFC00BD200D /* Debug */,
				513B76A429473CFC00BD200D /* Release */,
			);
			defaultConfigurationIsVisible = 0;
			defaultConfigurationName = Release;
		};
/* End XCConfigurationList section */

/* Begin XCRemoteSwiftPackageReference section */
		513B76A529473D2F00BD200D /* XCRemoteSwiftPackageReference "SwiftyGif" */ = {
			isa = XCRemoteSwiftPackageReference;
			repositoryURL = "https://github.com/kirualex/SwiftyGif.git";
			requirement = {
				branch = master;
				kind = branch;
			};
		};
		513B76A829473D4900BD200D /* XCRemoteSwiftPackageReference "Alamofire" */ = {
			isa = XCRemoteSwiftPackageReference;
			repositoryURL = "https://github.com/Alamofire/Alamofire.git";
			requirement = {
				branch = master;
				kind = branch;
			};
		};
/* End XCRemoteSwiftPackageReference section */

/* Begin XCSwiftPackageProductDependency section */
		513B76A629473D2F00BD200D /* SwiftyGif */ = {
			isa = XCSwiftPackageProductDependency;
			package = 513B76A529473D2F00BD200D /* XCRemoteSwiftPackageReference "SwiftyGif" */;
			productName = SwiftyGif;
		};
		513B76A929473D4900BD200D /* Alamofire */ = {
			isa = XCSwiftPackageProductDependency;
			package = 513B76A829473D4900BD200D /* XCRemoteSwiftPackageReference "Alamofire" */;
			productName = Alamofire;
		};
/* End XCSwiftPackageProductDependency section */
	};
	rootObject = 513B768629473CF900BD200D /* Project object */;
}
